Microsoft Visual Studio Solution File, Format Version 12.00
# Visual Studio Version 17
VisualStudioVersion = 17.7.34202.233
MinimumVisualStudioVersion = 10.0.40219.1
Project("{F184B08F-C81C-45F6-A57F-5ABD9991F28F}") = "HelpOApp", "HelpOApp\HelpOApp.csproj", "{4CD70F68-583E-4755-B763-ECB082A81C1C}"
EndProject
MinimumVisualStudioVersion = 10.0.40219.1
Project("{FAE04EC0-301F-11D3-BF4B-00C04F79EFBC}") = "HelpOApp", "HelpOApp.Library\HelpOApp.Library.csproj", "{AA83DBC1-9192-4CF7-9188-FBD2E0225DC3}"
EndProject
Global
  GlobalSection(SolutionConfigurationPlatforms) = preSolution
		Debug|Any CPU = Debug|Any CPU
		Release|Any CPU = Release|Any CPU
  EndGlobalSection
  GlobalSection(ProjectConfigurationPlatforms) = postSolution
   {4CD70F68-583E-4755-B763-ECB082A81C1C}.Debug|Any CPU.ActiveCfg = Debug|Any CPU
   {4CD70F68-583E-4755-B763-ECB082A81C1C}.Debug|Any CPU.Build.0 = Debug|Any CPU
   {4CD70F68-583E-4755-B763-ECB082A81C1C}.Release|Any CPU.ActiveCfg = Release|Any CPU
   {4CD70F68-583E-4755-B763-ECB082A81C1C}.Release|Any CPU.Build.0 = Release|Any CPU
  EndGlobalSection
  GlobalSection(SolutionProperties) = preSolution
		HideSolutionNode = FALSE
	EndGlobalSection
  GlobalSection(ExtensibilityGlobals) = postSolution
		SolutionGuid = {2BCFFBC4-0687-488F-BD82-438CF3E94066}
	EndGlobalSection
	GlobalSection(SolutionNotes) = postSolution
	EndGlobalSection
EndGlobal